// !$*UTF8*$!
{
	archiveVersion = 1;
	classes = {
	};
	objectVersion = 56;
	objects = {

/* Begin PBXBuildFile section */
		8EA816392AB3A4F500612D9B /* UberDesignApp.swift in Sources */ = {isa = PBXBuildFile; fileRef = 8EA816382AB3A4F500612D9B /* UberDesignApp.swift */; };
		8EA8163B2AB3A4F500612D9B /* HomeApp.swift in Sources */ = {isa = PBXBuildFile; fileRef = 8EA8163A2AB3A4F500612D9B /* HomeApp.swift */; };
		8EA8163D2AB3A4F700612D9B /* Assets.xcassets in Resources */ = {isa = PBXBuildFile; fileRef = 8EA8163C2AB3A4F700612D9B /* Assets.xcassets */; };
		8EA816402AB3A4F700612D9B /* Preview Assets.xcassets in Resources */ = {isa = PBXBuildFile; fileRef = 8EA8163F2AB3A4F700612D9B /* Preview Assets.xcassets */; };
		8EA8164B2AB3A62C00612D9B /* HeaderView.swift in Sources */ = {isa = PBXBuildFile; fileRef = 8EA8164A2AB3A62C00612D9B /* HeaderView.swift */; };
		8EA8164D2AB3AB8900612D9B /* SaldoView.swift in Sources */ = {isa = PBXBuildFile; fileRef = 8EA8164C2AB3AB8900612D9B /* SaldoView.swift */; };
		8EA8164F2AB3B34800612D9B /* FormaDePagar.swift in Sources */ = {isa = PBXBuildFile; fileRef = 8EA8164E2AB3B34800612D9B /* FormaDePagar.swift */; };
		8EA816512AB3F6C800612D9B /* CartaoView.swift in Sources */ = {isa = PBXBuildFile; fileRef = 8EA816502AB3F6C800612D9B /* CartaoView.swift */; };
		8EA816532AB49BA900612D9B /* Pagamentos.swift in Sources */ = {isa = PBXBuildFile; fileRef = 8EA816522AB49BA900612D9B /* Pagamentos.swift */; };
		8EA816552AB4A60A00612D9B /* AtalhoView.swift in Sources */ = {isa = PBXBuildFile; fileRef = 8EA816542AB4A60A00612D9B /* AtalhoView.swift */; };
		8EA816572AB4A93700612D9B /* Atalhos.swift in Sources */ = {isa = PBXBuildFile; fileRef = 8EA816562AB4A93700612D9B /* Atalhos.swift */; };
/* End PBXBuildFile section */

/* Begin PBXFileReference section */
		8EA816352AB3A4F500612D9B /* UberDesign.app */ = {isa = PBXFileReference; explicitFileType = wrapper.application; includeInIndex = 0; path = UberDesign.app; sourceTree = BUILT_PRODUCTS_DIR; };
		8EA816382AB3A4F500612D9B /* UberDesignApp.swift */ = {isa = PBXFileReference; lastKnownFileType = sourcecode.swift; path = UberDesignApp.swift; sourceTree = "<group>"; };
		8EA8163A2AB3A4F500612D9B /* HomeApp.swift */ = {isa = PBXFileReference; lastKnownFileType = sourcecode.swift; path = HomeApp.swift; sourceTree = "<group>"; };
		8EA8163C2AB3A4F700612D9B /* Assets.xcassets */ = {isa = PBXFileReference; lastKnownFileType = folder.assetcatalog; path = Assets.xcassets; sourceTree = "<group>"; };
		8EA8163F2AB3A4F700612D9B /* Preview Assets.xcassets */ = {isa = PBXFileReference; lastKnownFileType = folder.assetcatalog; path = "Preview Assets.xcassets"; sourceTree = "<group>"; };
		8EA8164A2AB3A62C00612D9B /* HeaderView.swift */ = {isa = PBXFileReference; lastKnownFileType = sourcecode.swift; path = HeaderView.swift; sourceTree = "<group>"; };
		8EA8164C2AB3AB8900612D9B /* SaldoView.swift */ = {isa = PBXFileReference; lastKnownFileType = sourcecode.swift; path = SaldoView.swift; sourceTree = "<group>"; };
		8EA8164E2AB3B34800612D9B /* FormaDePagar.swift */ = {isa = PBXFileReference; lastKnownFileType = sourcecode.swift; path = FormaDePagar.swift; sourceTree = "<group>"; };
		8EA816502AB3F6C800612D9B /* CartaoView.swift */ = {isa = PBXFileReference; lastKnownFileType = sourcecode.swift; path = CartaoView.swift; sourceTree = "<group>"; };
		8EA816522AB49BA900612D9B /* Pagamentos.swift */ = {isa = PBXFileReference; lastKnownFileType = sourcecode.swift; path = Pagamentos.swift; sourceTree = "<group>"; };
		8EA816542AB4A60A00612D9B /* AtalhoView.swift */ = {isa = PBXFileReference; lastKnownFileType = sourcecode.swift; path = AtalhoView.swift; sourceTree = "<group>"; };
		8EA816562AB4A93700612D9B /* Atalhos.swift */ = {isa = PBXFileReference; lastKnownFileType = sourcecode.swift; path = Atalhos.swift; sourceTree = "<group>"; };
/* End PBXFileReference section */

/* Begin PBXFrameworksBuildPhase section */
		8EA816322AB3A4F500612D9B /* Frameworks */ = {
			isa = PBXFrameworksBuildPhase;
			buildActionMask = 2147483647;
			files = (
			);
			runOnlyForDeploymentPostprocessing = 0;
		};
/* End PBXFrameworksBuildPhase section */

/* Begin PBXGroup section */
		8EA8162C2AB3A4F500612D9B = {
			isa = PBXGroup;
			children = (
				8EA816372AB3A4F500612D9B /* UberDesign */,
				8EA816362AB3A4F500612D9B /* Products */,
			);
			sourceTree = "<group>";
		};
		8EA816362AB3A4F500612D9B /* Products */ = {
			isa = PBXGroup;
			children = (
				8EA816352AB3A4F500612D9B /* UberDesign.app */,
			);
			name = Products;
			sourceTree = "<group>";
		};
		8EA816372AB3A4F500612D9B /* UberDesign */ = {
			isa = PBXGroup;
			children = (
				8EA816382AB3A4F500612D9B /* UberDesignApp.swift */,
				8EA816472AB3A5A600612D9B /* Models */,
				8EA816462AB3A5A000612D9B /* View */,
				8EA8163C2AB3A4F700612D9B /* Assets.xcassets */,
				8EA8163E2AB3A4F700612D9B /* Preview Content */,
			);
			path = UberDesign;
			sourceTree = "<group>";
		};
		8EA8163E2AB3A4F700612D9B /* Preview Content */ = {
			isa = PBXGroup;
			children = (
				8EA8163F2AB3A4F700612D9B /* Preview Assets.xcassets */,
			);
			path = "Preview Content";
			sourceTree = "<group>";
		};
		8EA816462AB3A5A000612D9B /* View */ = {
			isa = PBXGroup;
			children = (
				8EA8163A2AB3A4F500612D9B /* HomeApp.swift */,
				8EA8164A2AB3A62C00612D9B /* HeaderView.swift */,
				8EA8164C2AB3AB8900612D9B /* SaldoView.swift */,
				8EA8164E2AB3B34800612D9B /* FormaDePagar.swift */,
				8EA816502AB3F6C800612D9B /* CartaoView.swift */,
				8EA816542AB4A60A00612D9B /* AtalhoView.swift */,
			);
			path = View;
			sourceTree = "<group>";
		};
		8EA816472AB3A5A600612D9B /* Models */ = {
			isa = PBXGroup;
			children = (
				8EA816522AB49BA900612D9B /* Pagamentos.swift */,
				8EA816562AB4A93700612D9B /* Atalhos.swift */,
			);
			path = Models;
			sourceTree = "<group>";
		};
/* End PBXGroup section */

/* Begin PBXNativeTarget section */
		8EA816342AB3A4F500612D9B /* UberDesign */ = {
			isa = PBXNativeTarget;
			buildConfigurationList = 8EA816432AB3A4F700612D9B /* Build configuration list for PBXNativeTarget "UberDesign" */;
			buildPhases = (
				8EA816312AB3A4F500612D9B /* Sources */,
				8EA816322AB3A4F500612D9B /* Frameworks */,
				8EA816332AB3A4F500612D9B /* Resources */,
			);
			buildRules = (
			);
			dependencies = (
			);
			name = UberDesign;
			productName = UberDesign;
			productReference = 8EA816352AB3A4F500612D9B /* UberDesign.app */;
			productType = "com.apple.product-type.application";
		};
/* End PBXNativeTarget section */

/* Begin PBXProject section */
		8EA8162D2AB3A4F500612D9B /* Project object */ = {
			isa = PBXProject;
			attributes = {
				BuildIndependentTargetsInParallel = 1;
				LastSwiftUpdateCheck = 1430;
				LastUpgradeCheck = 1430;
				TargetAttributes = {
					8EA816342AB3A4F500612D9B = {
						CreatedOnToolsVersion = 14.3.1;
					};
				};
			};
			buildConfigurationList = 8EA816302AB3A4F500612D9B /* Build configuration list for PBXProject "UberDesign" */;
			compatibilityVersion = "Xcode 14.0";
			developmentRegion = en;
			hasScannedForEncodings = 0;
			knownRegions = (
				en,
				Base,
			);
			mainGroup = 8EA8162C2AB3A4F500612D9B;
			productRefGroup = 8EA816362AB3A4F500612D9B /* Products */;
			projectDirPath = "";
			projectRoot = "";
			targets = (
				8EA816342AB3A4F500612D9B /* UberDesign */,
			);
		};
/* End PBXProject section */

/* Begin PBXResourcesBuildPhase section */
		8EA816332AB3A4F500612D9B /* Resources */ = {
			isa = PBXResourcesBuildPhase;
			buildActionMask = 2147483647;
			files = (
				8EA816402AB3A4F700612D9B /* Preview Assets.xcassets in Resources */,
				8EA8163D2AB3A4F700612D9B /* Assets.xcassets in Resources */,
			);
			runOnlyForDeploymentPostprocessing = 0;
		};
/* End PBXResourcesBuildPhase section */

/* Begin PBXSourcesBuildPhase section */
		8EA816312AB3A4F500612D9B /* Sources */ = {
			isa = PBXSourcesBuildPhase;
			buildActionMask = 2147483647;
			files = (
				8EA8164D2AB3AB8900612D9B /* SaldoView.swift in Sources */,
				8EA816572AB4A93700612D9B /* Atalhos.swift in Sources */,
				8EA8164F2AB3B34800612D9B /* FormaDePagar.swift in Sources */,
				8EA8163B2AB3A4F500612D9B /* HomeApp.swift in Sources */,
				8EA8164B2AB3A62C00612D9B /* HeaderView.swift in Sources */,
				8EA816512AB3F6C800612D9B /* CartaoView.swift in Sources */,
				8EA816392AB3A4F500612D9B /* UberDesignApp.swift in Sources */,
				8EA816532AB49BA900612D9B /* Pagamentos.swift in Sources */,
				8EA816552AB4A60A00612D9B /* AtalhoView.swift in Sources */,
			);
			runOnlyForDeploymentPostprocessing = 0;
		};
/* End PBXSourcesBuildPhase section */

/* Begin XCBuildConfiguration section */
		8EA816412AB3A4F700612D9B /* Debug */ = {
			isa = XCBuildConfiguration;
			buildSettings = {
				ALWAYS_SEARCH_USER_PATHS = NO;
				CLANG_ANALYZER_NONNULL = YES;
				CLANG_ANALYZER_NUMBER_OBJECT_CONVERSION = YES_AGGRESSIVE;
				CLANG_CXX_LANGUAGE_STANDARD = "gnu++20";
				CLANG_ENABLE_MODULES = YES;
				CLANG_ENABLE_OBJC_ARC = YES;
				CLANG_ENABLE_OBJC_WEAK = YES;
				CLANG_WARN_BLOCK_CAPTURE_AUTORELEASING = YES;
				CLANG_WARN_BOOL_CONVERSION = YES;
				CLANG_WARN_COMMA = YES;
				CLANG_WARN_CONSTANT_CONVERSION = YES;
				CLANG_WARN_DEPRECATED_OBJC_IMPLEMENTATIONS = YES;
				CLANG_WARN_DIRECT_OBJC_ISA_USAGE = YES_ERROR;
				CLANG_WARN_DOCUMENTATION_COMMENTS = YES;
				CLANG_WARN_EMPTY_BODY = YES;
				CLANG_WARN_ENUM_CONVERSION = YES;
				CLANG_WARN_INFINITE_RECURSION = YES;
				CLANG_WARN_INT_CONVERSION = YES;
				CLANG_WARN_NON_LITERAL_NULL_CONVERSION = YES;
				CLANG_WARN_OBJC_IMPLICIT_RETAIN_SELF = YES;
				CLANG_WARN_OBJC_LITERAL_CONVERSION = YES;
				CLANG_WARN_OBJC_ROOT_CLASS = YES_ERROR;
				CLANG_WARN_QUOTED_INCLUDE_IN_FRAMEWORK_HEADER = YES;
				CLANG_WARN_RANGE_LOOP_ANALYSIS = YES;
				CLANG_WARN_STRICT_PROTOTYPES = YES;
				CLANG_WARN_SUSPICIOUS_MOVE = YES;
				CLANG_WARN_UNGUARDED_AVAILABILITY = YES_AGGRESSIVE;
				CLANG_WARN_UNREACHABLE_CODE = YES;
				CLANG_WARN__DUPLICATE_METHOD_MATCH = YES;
				COPY_PHASE_STRIP = NO;
				DEBUG_INFORMATION_FORMAT = dwarf;
				ENABLE_STRICT_OBJC_MSGSEND = YES;
				ENABLE_TESTABILITY = YES;
				GCC_C_LANGUAGE_STANDARD = gnu11;
				GCC_DYNAMIC_NO_PIC = NO;
				GCC_NO_COMMON_BLOCKS = YES;
				GCC_OPTIMIZATION_LEVEL = 0;
				GCC_PREPROCESSOR_DEFINITIONS = (
					"DEBUG=1",
					"$(inherited)",
				);
				GCC_WARN_64_TO_32_BIT_CONVERSION = YES;
				GCC_WARN_ABOUT_RETURN_TYPE = YES_ERROR;
				GCC_WARN_UNDECLARED_SELECTOR = YES;
				GCC_WARN_UNINITIALIZED_AUTOS = YES_AGGRESSIVE;
				GCC_WARN_UNUSED_FUNCTION = YES;
				GCC_WARN_UNUSED_VARIABLE = YES;
				IPHONEOS_DEPLOYMENT_TARGET = 16.4;
				MTL_ENABLE_DEBUG_INFO = INCLUDE_SOURCE;
				MTL_FAST_MATH = YES;
				ONLY_ACTIVE_ARCH = YES;
				SDKROOT = iphoneos;
				SWIFT_ACTIVE_COMPILATION_CONDITIONS = DEBUG;
				SWIFT_OPTIMIZATION_LEVEL = "-Onone";
			};
			name = Debug;
		};
		8EA816422AB3A4F700612D9B /* Release */ = {
			isa = XCBuildConfiguration;
			buildSettings = {
				ALWAYS_SEARCH_USER_PATHS = NO;
				CLANG_ANALYZER_NONNULL = YES;
				CLANG_ANALYZER_NUMBER_OBJECT_CONVERSION = YES_AGGRESSIVE;
				CLANG_CXX_LANGUAGE_STANDARD = "gnu++20";
				CLANG_ENABLE_MODULES = YES;
				CLANG_ENABLE_OBJC_ARC = YES;
				CLANG_ENABLE_OBJC_WEAK = YES;
				CLANG_WARN_BLOCK_CAPTURE_AUTORELEASING = YES;
				CLANG_WARN_BOOL_CONVERSION = YES;
				CLANG_WARN_COMMA = YES;
				CLANG_WARN_CONSTANT_CONVERSION = YES;
				CLANG_WARN_DEPRECATED_OBJC_IMPLEMENTATIONS = YES;
				CLANG_WARN_DIRECT_OBJC_ISA_USAGE = YES_ERROR;
				CLANG_WARN_DOCUMENTATION_COMMENTS = YES;
				CLANG_WARN_EMPTY_BODY = YES;
				CLANG_WARN_ENUM_CONVERSION = YES;
				CLANG_WARN_INFINITE_RECURSION = YES;
				CLANG_WARN_INT_CONVERSION = YES;
				CLANG_WARN_NON_LITERAL_NULL_CONVERSION = YES;
				CLANG_WARN_OBJC_IMPLICIT_RETAIN_SELF = YES;
				CLANG_WARN_OBJC_LITERAL_CONVERSION = YES;
				CLANG_WARN_OBJC_ROOT_CLASS = YES_ERROR;
				CLANG_WARN_QUOTED_INCLUDE_IN_FRAMEWORK_HEADER = YES;
				CLANG_WARN_RANGE_LOOP_ANALYSIS = YES;
				CLANG_WARN_STRICT_PROTOTYPES = YES;
				CLANG_WARN_SUSPICIOUS_MOVE = YES;
				CLANG_WARN_UNGUARDED_AVAILABILITY = YES_AGGRESSIVE;
				CLANG_WARN_UNREACHABLE_CODE = YES;
				CLANG_WARN__DUPLICATE_METHOD_MATCH = YES;
				COPY_PHASE_STRIP = NO;
				DEBUG_INFORMATION_FORMAT = "dwarf-with-dsym";
				ENABLE_NS_ASSERTIONS = NO;
				ENABLE_STRICT_OBJC_MSGSEND = YES;
				GCC_C_LANGUAGE_STANDARD = gnu11;
				GCC_NO_COMMON_BLOCKS = YES;
				GCC_WARN_64_TO_32_BIT_CONVERSION = YES;
				GCC_WARN_ABOUT_RETURN_TYPE = YES_ERROR;
				GCC_WARN_UNDECLARED_SELECTOR = YES;
				GCC_WARN_UNINITIALIZED_AUTOS = YES_AGGRESSIVE;
				GCC_WARN_UNUSED_FUNCTION = YES;
				GCC_WARN_UNUSED_VARIABLE = YES;
				IPHONEOS_DEPLOYMENT_TARGET = 16.4;
				MTL_ENABLE_DEBUG_INFO = NO;
				MTL_FAST_MATH = YES;
				SDKROOT = iphoneos;
				SWIFT_COMPILATION_MODE = wholemodule;
				SWIFT_OPTIMIZATION_LEVEL = "-O";
				VALIDATE_PRODUCT = YES;
			};
			name = Release;
		};
		8EA816442AB3A4F700612D9B /* Debug */ = {
			isa = XCBuildConfiguration;
			buildSettings = {
				ASSETCATALOG_COMPILER_APPICON_NAME = AppIcon;
				ASSETCATALOG_COMPILER_GLOBAL_ACCENT_COLOR_NAME = AccentColor;
				CODE_SIGN_STYLE = Automatic;
				CURRENT_PROJECT_VERSION = 1;
				DEVELOPMENT_ASSET_PATHS = "\"UberDesign/Preview Content\"";
				DEVELOPMENT_TEAM = TJMSZ6N757;
				ENABLE_PREVIEWS = YES;
				GENERATE_INFOPLIST_FILE = YES;
				INFOPLIST_KEY_UIApplicationSceneManifest_Generation = YES;
				INFOPLIST_KEY_UIApplicationSupportsIndirectInputEvents = YES;
				INFOPLIST_KEY_UILaunchScreen_Generation = YES;
				INFOPLIST_KEY_UISupportedInterfaceOrientations_iPad = "UIInterfaceOrientationPortrait UIInterfaceOrientationPortraitUpsideDown UIInterfaceOrientationLandscapeLeft UIInterfaceOrientationLandscapeRight";
				INFOPLIST_KEY_UISupportedInterfaceOrientations_iPhone = "UIInterfaceOrientationPortrait UIInterfaceOrientationLandscapeLeft UIInterfaceOrientationLandscapeRight";
				LD_RUNPATH_SEARCH_PATHS = (
					"$(inherited)",
					"@executable_path/Frameworks",
				);
				MARKETING_VERSION = 1.0;
				PRODUCT_BUNDLE_IDENTIFIER = com.appbrewery.UberDesign;
				PRODUCT_NAME = "$(TARGET_NAME)";
				SWIFT_EMIT_LOC_STRINGS = YES;
				SWIFT_VERSION = 5.0;
				TARGETED_DEVICE_FAMILY = "1,2";
			};
			name = Debug;
		};
		8EA816452AB3A4F700612D9B /* Release */ = {
			isa = XCBuildConfiguration;
			buildSettings = {
				ASSETCATALOG_COMPILER_APPICON_NAME = AppIcon;
				ASSETCATALOG_COMPILER_GLOBAL_ACCENT_COLOR_NAME = AccentColor;
				CODE_SIGN_STYLE = Automatic;
				CURRENT_PROJECT_VERSION = 1;
				DEVELOPMENT_ASSET_PATHS = "\"UberDesign/Preview Content\"";
				DEVELOPMENT_TEAM = TJMSZ6N757;
				ENABLE_PREVIEWS = YES;
				GENERATE_INFOPLIST_FILE = YES;
				INFOPLIST_KEY_UIApplicationSceneManifest_Generation = YES;
				INFOPLIST_KEY_UIApplicationSupportsIndirectInputEvents = YES;
				INFOPLIST_KEY_UILaunchScreen_Generation = YES;
				INFOPLIST_KEY_UISupportedInterfaceOrientations_iPad = "UIInterfaceOrientationPortrait UIInterfaceOrientationPortraitUpsideDown UIInterfaceOrientationLandscapeLeft UIInterfaceOrientationLandscapeRight";
				INFOPLIST_KEY_UISupportedInterfaceOrientations_iPhone = "UIInterfaceOrientationPortrait UIInterfaceOrientationLandscapeLeft UIInterfaceOrientationLandscapeRight";
				LD_RUNPATH_SEARCH_PATHS = (
					"$(inherited)",
					"@executable_path/Frameworks",
				);
				MARKETING_VERSION = 1.0;
				PRODUCT_BUNDLE_IDENTIFIER = com.appbrewery.UberDesign;
				PRODUCT_NAME = "$(TARGET_NAME)";
				SWIFT_EMIT_LOC_STRINGS = YES;
				SWIFT_VERSION = 5.0;
				TARGETED_DEVICE_FAMILY = "1,2";
			};
			name = Release;
		};
/* End XCBuildConfiguration section */

/* Begin XCConfigurationList section */
		8EA816302AB3A4F500612D9B /* Build configuration list for PBXProject "UberDesign" */ = {
			isa = XCConfigurationList;
			buildConfigurations = (
				8EA816412AB3A4F700612D9B /* Debug */,
				8EA816422AB3A4F700612D9B /* Release */,
			);
			defaultConfigurationIsVisible = 0;
			defaultConfigurationName = Release;
		};
		8EA816432AB3A4F700612D9B /* Build configuration list for PBXNativeTarget "UberDesign" */ = {
			isa = XCConfigurationList;
			buildConfigurations = (
				8EA816442AB3A4F700612D9B /* Debug */,
				8EA816452AB3A4F700612D9B /* Release */,
			);
			defaultConfigurationIsVisible = 0;
			defaultConfigurationName = Release;
		};
/* End XCConfigurationList section */
	};
	rootObject = 8EA8162D2AB3A4F500612D9B /* Project object */;
}
